{
  "version": 4,
  "terraform_version": "1.9.8",
  "serial": 39,
  "lineage": "ae9a7551-1732-25df-782d-f2c7065ddf84",
  "outputs": {
    "ec2_public_ip": {
      "value": "",
      "type": "string"
    },
    "private_key": {
      "value": "-----BEGIN RSA PRIVATE KEY-----\nMIIEpAIBAAKCAQEAsyFXee3pwOepy7Z3lc7k5c/JfQO8l4d6RVxmhdxA2IwOWbR+\nUDYUcSk10KbWSApKHX196EKsyU97fJnG/56UubCl6zIqZV8hTcrjNlxWGkHdm8Sr\nNXjAm4fDp4AmeSZ2PTDjpB7bB1xkM5mPx0HFKbXUf+BZV2y3c3RgjETXWJD3SW6r\nT9GOdGFAW0Ci6iwNwDb7/RSAQY5eHbQKvOtya/jg/yJgmXGHsGRfCK0C3prJgVrg\nKYLUk2ARY55xg5UxvIV72s8wsVmRvI03uPtmYJyKTXqrMXn6HfKiPSI6+b2nkwM2\nUXLOBuuJeQXcLakSps3pMexN6Cie0ltzrvHwCwIDAQABAoIBAG7yNKrpR0FaetkY\nj6KyvST1eHc8rD8yAvIY08sO6v70aCL5Xs6xYCHig1lTLB78eIEha61CNqCM4RAA\ncrd58eW82lb9ADM/I3J6OhY+RHoI14gV3HDG9IygHveMsMeSoeMud5/8GG7Ls6gd\n8WZZfxNhclctjkhOpqUUrIPUU4ifXpGft5cnkek71jfUoOVdGdkBfPvxuGIL/+Kx\nV8YCkO0nC1l6GF7lE6vEffYoCxj0ICmzTrFGcl00NE2GoaeY74v7uC2zdH+6Xqj9\nHwL23MbfSPeKcbQXQ6sklkmwjWMrhKOEu/WpZhHjcumtQNi0//0EhfwBhzLNXHUH\n6xUUazkCgYEA6vEsmjZM12Z4IpxVm4RY+AfGBvxS1I0pufd1aosUJcWOYQ8Z/Isg\nY0Uc6puHE9Hz5PCarzXtrCwPyo2eZXISBtBrV7iBrJR2CkLx01K+YQkqMDYNGIX8\nC66+oe5w+dum0mvDT4nbxKcl5wYpGG4paBbIVFG6J6XWhCKh80glA9cCgYEAwy+L\nt2lHm5701NdQVkbz5D4pnUj3EyTsWgo41UogXUH3r/K5FWW6A8alGz5u/YenAXBr\nRhT7kFrPVKSsy8gVri/CjRIKMiK8bKs2JH3qOgLw9lgQYcHUs7v5cizbel9gwYuR\n3kAV9Om5W0APVfC30vbE7I5cmW6cJqRE4apRbu0CgYBp3lvW8fkWZ1pjXkdFWRIu\nUnJt224H0cSnxFbot9tQWgGaww9WuerSUOaC4aqwx787vyA1K/v5xbEn+UETPZ/Z\n6jk0wjPM7Ol0Hk6Sh4q6d0LHjtO/5UB6kzfcCHJoZQ57a4wLX3fk2d0+iYwjMiD+\ngqWrOVjFXPmZeXG5Cx2C6QKBgQCNo8UZ1dZXAeTdR1pPIbH+4XVFZBuX0uWI+X4A\nmYge5K4fCl5xPp7b+pz5xja42GXCz5epBbUALkXiQJX8UzgYbSQbRwoLE9X0bdIe\nbRk5+8Rsn79TkVsPCsubpR2oEeqeyO+TfqHwVmNh6ny2eraK6vRATZa46OF70R0D\nPZtWiQKBgQDn241s9yqAzQsaKyWagrj6jFB1G4RHrEQKepfig6HfB3X67gGX6bdg\n/qmqT0hkAD9fX6hRBuo8CG1NjvN43NA+v0gMLF6WOpoU7PeU78ttBuv6xz4B7EK2\nFnib48h5aSJMN/Fo85baeHpi6UUGBeww7lWAKzMTRe2j9nX6XD7I9A==\n-----END RSA PRIVATE KEY-----\n",
      "type": "string",
      "sensitive": true
    }
  },
  "resources": [
    {
      "mode": "managed",
      "type": "aws_key_pair",
      "name": "ec2_key_pair",
      "provider": "provider[\"registry.terraform.io/hashicorp/aws\"]",
      "instances": [
        {
          "schema_version": 1,
          "attributes": {
            "arn": "arn:aws:ec2:sa-east-1::key-pair/VExpenses-SeuNome-key",
            "fingerprint": "2b:b1:61:79:36:b4:89:1b:aa:1a:7d:07:6a:ac:74:33",
            "id": "VExpenses-SeuNome-key",
            "key_name": "VExpenses-SeuNome-key",
            "key_name_prefix": "",
            "key_pair_id": "key-ddfca0cc",
            "public_key": "ssh-rsa AAAAB3NzaC1yc2EAAAADAQABAAABAQCzIVd57enA56nLtneVzuTlz8l9A7yXh3pFXGaF3EDYjA5ZtH5QNhRxKTXQptZICkodfX3oQqzJT3t8mcb/npS5sKXrMiplXyFNyuM2XFYaQd2bxKs1eMCbh8OngCZ5JnY9MOOkHtsHXGQzmY/HQcUptdR/4FlXbLdzdGCMRNdYkPdJbqtP0Y50YUBbQKLqLA3ANvv9FIBBjl4dtAq863Jr+OD/ImCZcYewZF8IrQLemsmBWuApgtSTYBFjnnGDlTG8hXvazzCxWZG8jTe4+2ZgnIpNeqsxefod8qI9Ijr5vaeTAzZRcs4G64l5BdwtqRKmzekx7E3oKJ7SW3Ou8fAL",
            "tags": null,
            "tags_all": {}
          },
          "sensitive_attributes": [],
          "private": "eyJzY2hlbWFfdmVyc2lvbiI6IjEifQ==",
          "dependencies": [
            "tls_private_key.ec2_key"
          ]
        }
      ]
    },
    {
      "mode": "managed",
      "type": "aws_route_table_association",
      "name": "main_route_table_association",
      "provider": "provider[\"registry.terraform.io/hashicorp/aws\"]",
      "instances": [
        {
          "schema_version": 0,
          "attributes": {
            "gateway_id": "",
            "id": "rtbassoc-5c6ebf39",
            "route_table_id": "rtb-8f825936",
            "subnet_id": "subnet-a658c809"
          },
          "sensitive_attributes": [],
          "private": "bnVsbA==",
          "dependencies": [
            "module.vpc.aws_internet_gateway.main_igw",
            "module.vpc.aws_route_table.main_route_table",
            "module.vpc.aws_subnet.main_subnet",
            "module.vpc.aws_vpc.main_vpc"
          ]
        }
      ]
    },
    {
      "mode": "managed",
      "type": "aws_security_group",
      "name": "main_sg",
      "provider": "provider[\"registry.terraform.io/hashicorp/aws\"]",
      "instances": [
        {
          "schema_version": 1,
          "attributes": {
            "arn": "arn:aws:ec2:sa-east-1:000000000000:security-group/sg-7ff645790818675b9",
            "description": "Permitir SSH de qualquer lugar e todo o tráfego de saída",
            "egress": [
              {
                "cidr_blocks": [
                  "0.0.0.0/0"
                ],
                "description": "Allow all outbound traffic",
                "from_port": 0,
                "ipv6_cidr_blocks": [
                  "::/0"
                ],
                "prefix_list_ids": [],
                "protocol": "-1",
                "security_groups": [],
                "self": false,
                "to_port": 0
              }
            ],
            "id": "sg-7ff645790818675b9",
            "ingress": [
              {
                "cidr_blocks": [
                  "45.231.138.199/32"
                ],
                "description": "Allow SSH from my IP",
                "from_port": 22,
                "ipv6_cidr_blocks": [],
                "prefix_list_ids": [],
                "protocol": "tcp",
                "security_groups": [],
                "self": false,
                "to_port": 22
              }
            ],
            "name": "VExpenses-SeuNome-sg",
            "name_prefix": "",
            "owner_id": "000000000000",
            "revoke_rules_on_delete": false,
            "tags": {
              "Name": "VExpenses-SeuNome-sg"
            },
            "tags_all": {
              "Name": "VExpenses-SeuNome-sg"
            },
            "timeouts": null,
            "vpc_id": "vpc-6258b3f2"
          },
          "sensitive_attributes": [],
          "private": "eyJlMmJmYjczMC1lY2FhLTExZTYtOGY4OC0zNDM2M2JjN2M0YzAiOnsiY3JlYXRlIjo2MDAwMDAwMDAwMDAsImRlbGV0ZSI6OTAwMDAwMDAwMDAwfSwic2NoZW1hX3ZlcnNpb24iOiIxIn0=",
          "dependencies": [
            "module.vpc.aws_vpc.main_vpc"
          ]
        }
      ]
    },
    {
      "mode": "managed",
      "type": "tls_private_key",
      "name": "ec2_key",
      "provider": "provider[\"registry.terraform.io/hashicorp/tls\"]",
      "instances": [
        {
          "schema_version": 1,
          "attributes": {
            "algorithm": "RSA",
            "ecdsa_curve": "P224",
            "id": "030996efd8d5463a3418622bb2b2ab711f407616",
            "private_key_openssh": "-----BEGIN OPENSSH PRIVATE KEY-----\nb3BlbnNzaC1rZXktdjEAAAAABG5vbmUAAAAEbm9uZQAAAAAAAAABAAABFwAAAAdz\nc2gtcnNhAAAAAwEAAQAAAQEAsyFXee3pwOepy7Z3lc7k5c/JfQO8l4d6RVxmhdxA\n2IwOWbR+UDYUcSk10KbWSApKHX196EKsyU97fJnG/56UubCl6zIqZV8hTcrjNlxW\nGkHdm8SrNXjAm4fDp4AmeSZ2PTDjpB7bB1xkM5mPx0HFKbXUf+BZV2y3c3RgjETX\nWJD3SW6rT9GOdGFAW0Ci6iwNwDb7/RSAQY5eHbQKvOtya/jg/yJgmXGHsGRfCK0C\n3prJgVrgKYLUk2ARY55xg5UxvIV72s8wsVmRvI03uPtmYJyKTXqrMXn6HfKiPSI6\n+b2nkwM2UXLOBuuJeQXcLakSps3pMexN6Cie0ltzrvHwCwAAA7jzI2uN8yNrjQAA\nAAdzc2gtcnNhAAABAQCzIVd57enA56nLtneVzuTlz8l9A7yXh3pFXGaF3EDYjA5Z\ntH5QNhRxKTXQptZICkodfX3oQqzJT3t8mcb/npS5sKXrMiplXyFNyuM2XFYaQd2b\nxKs1eMCbh8OngCZ5JnY9MOOkHtsHXGQzmY/HQcUptdR/4FlXbLdzdGCMRNdYkPdJ\nbqtP0Y50YUBbQKLqLA3ANvv9FIBBjl4dtAq863Jr+OD/ImCZcYewZF8IrQLemsmB\nWuApgtSTYBFjnnGDlTG8hXvazzCxWZG8jTe4+2ZgnIpNeqsxefod8qI9Ijr5vaeT\nAzZRcs4G64l5BdwtqRKmzekx7E3oKJ7SW3Ou8fALAAAAAwEAAQAAAQBu8jSq6UdB\nWnrZGI+isr0k9Xh3PKw/MgLyGNPLDur+9Ggi+V7OsWAh4oNZUywe/HiBIWutQjag\njOEQAHK3efHlvNpW/QAzPyNyejoWPkR6CNeIFdxwxvSMoB73jLDHkqHjLnef/Bhu\ny7OoHfFmWX8TYXJXLY5ITqalFKyD1FOIn16Rn7eXJ5HpO9Y31KDlXRnZAXz78bhi\nC//isVfGApDtJwtZehhe5ROrxH32KAsY9CAps06xRnJdNDRNhqGnmO+L+7gts3R/\nul6o/R8C9tzG30j3inG0F0OrJJZJsI1jK4SjhLv1qWYR43LprUDYtP/9BIX8AYcy\nzVx1B+sVFGs5AAAAgQDn241s9yqAzQsaKyWagrj6jFB1G4RHrEQKepfig6HfB3X6\n7gGX6bdg/qmqT0hkAD9fX6hRBuo8CG1NjvN43NA+v0gMLF6WOpoU7PeU78ttBuv6\nxz4B7EK2Fnib48h5aSJMN/Fo85baeHpi6UUGBeww7lWAKzMTRe2j9nX6XD7I9AAA\nAIEA6vEsmjZM12Z4IpxVm4RY+AfGBvxS1I0pufd1aosUJcWOYQ8Z/IsgY0Uc6puH\nE9Hz5PCarzXtrCwPyo2eZXISBtBrV7iBrJR2CkLx01K+YQkqMDYNGIX8C66+oe5w\n+dum0mvDT4nbxKcl5wYpGG4paBbIVFG6J6XWhCKh80glA9cAAACBAMMvi7dpR5ue\n9NTXUFZG8+Q+KZ1I9xMk7FoKONVKIF1B96/yuRVlugPGpRs+bv2HpwFwa0YU+5Ba\nz1SkrMvIFa4vwo0SCjIivGyrNiR96joC8PZYEGHB1LO7+XIs23pfYMGLkd5AFfTp\nuVtAD1Xwt9L2xOyOXJlunCakROGqUW7tAAAAAAEC\n-----END OPENSSH PRIVATE KEY-----\n",
            "private_key_pem": "-----BEGIN RSA PRIVATE KEY-----\nMIIEpAIBAAKCAQEAsyFXee3pwOepy7Z3lc7k5c/JfQO8l4d6RVxmhdxA2IwOWbR+\nUDYUcSk10KbWSApKHX196EKsyU97fJnG/56UubCl6zIqZV8hTcrjNlxWGkHdm8Sr\nNXjAm4fDp4AmeSZ2PTDjpB7bB1xkM5mPx0HFKbXUf+BZV2y3c3RgjETXWJD3SW6r\nT9GOdGFAW0Ci6iwNwDb7/RSAQY5eHbQKvOtya/jg/yJgmXGHsGRfCK0C3prJgVrg\nKYLUk2ARY55xg5UxvIV72s8wsVmRvI03uPtmYJyKTXqrMXn6HfKiPSI6+b2nkwM2\nUXLOBuuJeQXcLakSps3pMexN6Cie0ltzrvHwCwIDAQABAoIBAG7yNKrpR0FaetkY\nj6KyvST1eHc8rD8yAvIY08sO6v70aCL5Xs6xYCHig1lTLB78eIEha61CNqCM4RAA\ncrd58eW82lb9ADM/I3J6OhY+RHoI14gV3HDG9IygHveMsMeSoeMud5/8GG7Ls6gd\n8WZZfxNhclctjkhOpqUUrIPUU4ifXpGft5cnkek71jfUoOVdGdkBfPvxuGIL/+Kx\nV8YCkO0nC1l6GF7lE6vEffYoCxj0ICmzTrFGcl00NE2GoaeY74v7uC2zdH+6Xqj9\nHwL23MbfSPeKcbQXQ6sklkmwjWMrhKOEu/WpZhHjcumtQNi0//0EhfwBhzLNXHUH\n6xUUazkCgYEA6vEsmjZM12Z4IpxVm4RY+AfGBvxS1I0pufd1aosUJcWOYQ8Z/Isg\nY0Uc6puHE9Hz5PCarzXtrCwPyo2eZXISBtBrV7iBrJR2CkLx01K+YQkqMDYNGIX8\nC66+oe5w+dum0mvDT4nbxKcl5wYpGG4paBbIVFG6J6XWhCKh80glA9cCgYEAwy+L\nt2lHm5701NdQVkbz5D4pnUj3EyTsWgo41UogXUH3r/K5FWW6A8alGz5u/YenAXBr\nRhT7kFrPVKSsy8gVri/CjRIKMiK8bKs2JH3qOgLw9lgQYcHUs7v5cizbel9gwYuR\n3kAV9Om5W0APVfC30vbE7I5cmW6cJqRE4apRbu0CgYBp3lvW8fkWZ1pjXkdFWRIu\nUnJt224H0cSnxFbot9tQWgGaww9WuerSUOaC4aqwx787vyA1K/v5xbEn+UETPZ/Z\n6jk0wjPM7Ol0Hk6Sh4q6d0LHjtO/5UB6kzfcCHJoZQ57a4wLX3fk2d0+iYwjMiD+\ngqWrOVjFXPmZeXG5Cx2C6QKBgQCNo8UZ1dZXAeTdR1pPIbH+4XVFZBuX0uWI+X4A\nmYge5K4fCl5xPp7b+pz5xja42GXCz5epBbUALkXiQJX8UzgYbSQbRwoLE9X0bdIe\nbRk5+8Rsn79TkVsPCsubpR2oEeqeyO+TfqHwVmNh6ny2eraK6vRATZa46OF70R0D\nPZtWiQKBgQDn241s9yqAzQsaKyWagrj6jFB1G4RHrEQKepfig6HfB3X67gGX6bdg\n/qmqT0hkAD9fX6hRBuo8CG1NjvN43NA+v0gMLF6WOpoU7PeU78ttBuv6xz4B7EK2\nFnib48h5aSJMN/Fo85baeHpi6UUGBeww7lWAKzMTRe2j9nX6XD7I9A==\n-----END RSA PRIVATE KEY-----\n",
            "private_key_pem_pkcs8": "-----BEGIN PRIVATE KEY-----\nMIIEvgIBADANBgkqhkiG9w0BAQEFAASCBKgwggSkAgEAAoIBAQCzIVd57enA56nL\ntneVzuTlz8l9A7yXh3pFXGaF3EDYjA5ZtH5QNhRxKTXQptZICkodfX3oQqzJT3t8\nmcb/npS5sKXrMiplXyFNyuM2XFYaQd2bxKs1eMCbh8OngCZ5JnY9MOOkHtsHXGQz\nmY/HQcUptdR/4FlXbLdzdGCMRNdYkPdJbqtP0Y50YUBbQKLqLA3ANvv9FIBBjl4d\ntAq863Jr+OD/ImCZcYewZF8IrQLemsmBWuApgtSTYBFjnnGDlTG8hXvazzCxWZG8\njTe4+2ZgnIpNeqsxefod8qI9Ijr5vaeTAzZRcs4G64l5BdwtqRKmzekx7E3oKJ7S\nW3Ou8fALAgMBAAECggEAbvI0qulHQVp62RiPorK9JPV4dzysPzIC8hjTyw7q/vRo\nIvlezrFgIeKDWVMsHvx4gSFrrUI2oIzhEAByt3nx5bzaVv0AMz8jcno6Fj5EegjX\niBXccMb0jKAe94ywx5Kh4y53n/wYbsuzqB3xZll/E2FyVy2OSE6mpRSsg9RTiJ9e\nkZ+3lyeR6TvWN9Sg5V0Z2QF8+/G4Ygv/4rFXxgKQ7ScLWXoYXuUTq8R99igLGPQg\nKbNOsUZyXTQ0TYahp5jvi/u4LbN0f7peqP0fAvbcxt9I94pxtBdDqySWSbCNYyuE\no4S79almEeNy6a1A2LT//QSF/AGHMs1cdQfrFRRrOQKBgQDq8SyaNkzXZnginFWb\nhFj4B8YG/FLUjSm593VqixQlxY5hDxn8iyBjRRzqm4cT0fPk8JqvNe2sLA/KjZ5l\nchIG0GtXuIGslHYKQvHTUr5hCSowNg0YhfwLrr6h7nD526bSa8NPidvEpyXnBikY\nbiloFshUUbonpdaEIqHzSCUD1wKBgQDDL4u3aUebnvTU11BWRvPkPimdSPcTJOxa\nCjjVSiBdQfev8rkVZboDxqUbPm79h6cBcGtGFPuQWs9UpKzLyBWuL8KNEgoyIrxs\nqzYkfeo6AvD2WBBhwdSzu/lyLNt6X2DBi5HeQBX06blbQA9V8LfS9sTsjlyZbpwm\npEThqlFu7QKBgGneW9bx+RZnWmNeR0VZEi5Scm3bbgfRxKfEVui321BaAZrDD1a5\n6tJQ5oLhqrDHvzu/IDUr+/nFsSf5QRM9n9nqOTTCM8zs6XQeTpKHirp3QseO07/l\nQHqTN9wIcmhlDntrjAtfd+TZ3T6JjCMyIP6Cpas5WMVc+Zl5cbkLHYLpAoGBAI2j\nxRnV1lcB5N1HWk8hsf7hdUVkG5fS5Yj5fgCZiB7krh8KXnE+ntv6nPnGNrjYZcLP\nl6kFtQAuReJAlfxTOBhtJBtHCgsT1fRt0h5tGTn7xGyfv1ORWw8Ky5ulHagR6p7I\n75N+ofBWY2HqfLZ6torq9EBNlrjo4XvRHQM9m1aJAoGBAOfbjWz3KoDNCxorJZqC\nuPqMUHUbhEesRAp6l+KDod8HdfruAZfpt2D+qapPSGQAP19fqFEG6jwIbU2O83jc\n0D6/SAwsXpY6mhTs95Tvy20G6/rHPgHsQrYWeJvjyHlpIkw38Wjzltp4emLpRQYF\n7DDuVYArMxNF7aP2dfpcPsj0\n-----END PRIVATE KEY-----\n",
            "public_key_fingerprint_md5": "c0:14:7a:78:fa:28:ae:ab:2e:7a:cd:45:f6:f3:81:5d",
            "public_key_fingerprint_sha256": "SHA256:j3AMS2itah7vFdgFrUFSiGIjpsop0X7BzTJXQCsNA1A",
            "public_key_openssh": "ssh-rsa AAAAB3NzaC1yc2EAAAADAQABAAABAQCzIVd57enA56nLtneVzuTlz8l9A7yXh3pFXGaF3EDYjA5ZtH5QNhRxKTXQptZICkodfX3oQqzJT3t8mcb/npS5sKXrMiplXyFNyuM2XFYaQd2bxKs1eMCbh8OngCZ5JnY9MOOkHtsHXGQzmY/HQcUptdR/4FlXbLdzdGCMRNdYkPdJbqtP0Y50YUBbQKLqLA3ANvv9FIBBjl4dtAq863Jr+OD/ImCZcYewZF8IrQLemsmBWuApgtSTYBFjnnGDlTG8hXvazzCxWZG8jTe4+2ZgnIpNeqsxefod8qI9Ijr5vaeTAzZRcs4G64l5BdwtqRKmzekx7E3oKJ7SW3Ou8fAL\n",
            "public_key_pem": "-----BEGIN PUBLIC KEY-----\nMIIBIjANBgkqhkiG9w0BAQEFAAOCAQ8AMIIBCgKCAQEAsyFXee3pwOepy7Z3lc7k\n5c/JfQO8l4d6RVxmhdxA2IwOWbR+UDYUcSk10KbWSApKHX196EKsyU97fJnG/56U\nubCl6zIqZV8hTcrjNlxWGkHdm8SrNXjAm4fDp4AmeSZ2PTDjpB7bB1xkM5mPx0HF\nKbXUf+BZV2y3c3RgjETXWJD3SW6rT9GOdGFAW0Ci6iwNwDb7/RSAQY5eHbQKvOty\na/jg/yJgmXGHsGRfCK0C3prJgVrgKYLUk2ARY55xg5UxvIV72s8wsVmRvI03uPtm\nYJyKTXqrMXn6HfKiPSI6+b2nkwM2UXLOBuuJeQXcLakSps3pMexN6Cie0ltzrvHw\nCwIDAQAB\n-----END PUBLIC KEY-----\n",
            "rsa_bits": 2048
          },
          "sensitive_attributes": [
            [
              {
                "type": "get_attr",
                "value": "private_key_openssh"
              }
            ],
            [
              {
                "type": "get_attr",
                "value": "private_key_pem_pkcs8"
              }
            ],
            [
              {
                "type": "get_attr",
                "value": "private_key_pem"
              }
            ]
          ]
        }
      ]
    },
    {
      "module": "module.ec2",
      "mode": "managed",
      "type": "aws_instance",
      "name": "debian_ec2",
      "provider": "provider[\"registry.terraform.io/hashicorp/aws\"]",
      "instances": [
        {
          "schema_version": 1,
          "attributes": {
            "ami": "ami-12345678",
            "arn": "arn:aws:ec2:sa-east-1::instance/i-f00febf491d9dbe56",
            "associate_public_ip_address": false,
            "availability_zone": "sa-east-1a",
            "capacity_reservation_specification": [],
            "cpu_core_count": null,
            "cpu_threads_per_core": null,
            "credit_specification": [
              {
                "cpu_credits": "standard"
              }
            ],
            "disable_api_termination": false,
            "ebs_block_device": [],
            "ebs_optimized": false,
            "enclave_options": [],
            "ephemeral_block_device": [],
            "get_password_data": false,
            "hibernation": false,
            "host_id": null,
            "iam_instance_profile": "",
            "id": "i-f00febf491d9dbe56",
            "instance_initiated_shutdown_behavior": "stop",
            "instance_state": "running",
            "instance_type": "t2.micro",
            "ipv6_address_count": 0,
            "ipv6_addresses": [],
            "key_name": "VExpenses-SeuNome-key",
            "launch_template": [],
            "metadata_options": [],
            "monitoring": false,
            "network_interface": [],
            "outpost_arn": "",
            "password_data": "",
            "placement_group": "",
            "placement_partition_number": null,
            "primary_network_interface_id": "eni-a86bb92c",
            "private_dns": "ip-10-0-1-4.sa-east-1.compute.internal",
            "private_ip": "10.0.1.4",
            "public_dns": "None",
            "public_ip": "",
            "root_block_device": [
              {
                "delete_on_termination": true,
                "device_name": "/dev/sda1",
                "encrypted": false,
                "iops": 0,
                "kms_key_id": "",
                "tags": {},
                "throughput": 0,
                "volume_id": "vol-6a75ae49",
                "volume_size": 8,
                "volume_type": "gp2"
              }
            ],
            "secondary_private_ips": [],
            "security_groups": [],
            "source_dest_check": true,
            "subnet_id": "subnet-a658c809",
            "tags": {
              "Name": "VExpenses-SeuNome"
            },
            "tags_all": {
              "Name": "VExpenses-SeuNome"
            },
            "tenancy": "default",
            "timeouts": null,
            "user_data": "58d61b185274667c3d2ec4f2c91692e59f489196",
            "user_data_base64": null,
            "volume_tags": null,
            "vpc_security_group_ids": []
          },
          "sensitive_attributes": [],
          "private": "eyJlMmJmYjczMC1lY2FhLTExZTYtOGY4OC0zNDM2M2JjN2M0YzAiOnsiY3JlYXRlIjo2MDAwMDAwMDAwMDAsImRlbGV0ZSI6MTIwMDAwMDAwMDAwMCwidXBkYXRlIjo2MDAwMDAwMDAwMDB9LCJzY2hlbWFfdmVyc2lvbiI6IjEifQ==",
          "dependencies": [
            "aws_key_pair.ec2_key_pair",
            "module.vpc.aws_subnet.main_subnet",
            "module.vpc.aws_vpc.main_vpc",
            "tls_private_key.ec2_key"
          ]
        }
      ]
    },
    {
      "module": "module.vpc",
      "mode": "managed",
      "type": "aws_internet_gateway",
      "name": "main_igw",
      "provider": "provider[\"registry.terraform.io/hashicorp/aws\"]",
      "instances": [
        {
          "schema_version": 0,
          "attributes": {
            "arn": "arn:aws:ec2:sa-east-1:000000000000:internet-gateway/igw-3e6d7f54",
            "id": "igw-3e6d7f54",
            "owner_id": "000000000000",
            "tags": {
              "Name": "VExpenses-SeuNome"
            },
            "tags_all": {
              "Name": "VExpenses-SeuNome"
            },
            "vpc_id": "vpc-6258b3f2"
          },
          "sensitive_attributes": [],
          "private": "bnVsbA==",
          "dependencies": [
            "module.vpc.aws_vpc.main_vpc"
          ]
        }
      ]
    },
    {
      "module": "module.vpc",
      "mode": "managed",
      "type": "aws_route_table",
      "name": "main_route_table",
      "provider": "provider[\"registry.terraform.io/hashicorp/aws\"]",
      "instances": [
        {
          "schema_version": 0,
          "attributes": {
            "arn": "arn:aws:ec2:sa-east-1:000000000000:route-table/rtb-8f825936",
            "id": "rtb-8f825936",
            "owner_id": "000000000000",
            "propagating_vgws": [],
            "route": [
              {
                "carrier_gateway_id": "",
                "cidr_block": "0.0.0.0/0",
                "destination_prefix_list_id": "",
                "egress_only_gateway_id": "",
                "gateway_id": "igw-3e6d7f54",
                "instance_id": "",
                "ipv6_cidr_block": "",
                "local_gateway_id": "",
                "nat_gateway_id": "",
                "network_interface_id": "",
                "transit_gateway_id": "",
                "vpc_endpoint_id": "",
                "vpc_peering_connection_id": ""
              }
            ],
            "tags": {
              "Name": "VExpenses-SeuNome"
            },
            "tags_all": {
              "Name": "VExpenses-SeuNome"
            },
            "timeouts": null,
            "vpc_id": "vpc-6258b3f2"
          },
          "sensitive_attributes": [],
          "private": "eyJlMmJmYjczMC1lY2FhLTExZTYtOGY4OC0zNDM2M2JjN2M0YzAiOnsiY3JlYXRlIjozMDAwMDAwMDAwMDAsImRlbGV0ZSI6MzAwMDAwMDAwMDAwLCJ1cGRhdGUiOjEyMDAwMDAwMDAwMH19",
          "dependencies": [
            "module.vpc.aws_internet_gateway.main_igw",
            "module.vpc.aws_vpc.main_vpc"
          ]
        }
      ]
    },
    {
      "module": "module.vpc",
      "mode": "managed",
      "type": "aws_subnet",
      "name": "main_subnet",
      "provider": "provider[\"registry.terraform.io/hashicorp/aws\"]",
      "instances": [
        {
          "schema_version": 1,
          "attributes": {
            "arn": "arn:aws:ec2:sa-east-1:000000000000:subnet/subnet-a658c809",
            "assign_ipv6_address_on_creation": false,
            "availability_zone": "sa-east-1a",
            "availability_zone_id": "sae1-az1",
            "cidr_block": "10.0.1.0/24",
            "customer_owned_ipv4_pool": "",
            "enable_dns64": false,
            "enable_resource_name_dns_a_record_on_launch": false,
            "enable_resource_name_dns_aaaa_record_on_launch": false,
            "id": "subnet-a658c809",
            "ipv6_cidr_block": "",
            "ipv6_cidr_block_association_id": "",
            "ipv6_native": false,
            "map_customer_owned_ip_on_launch": false,
            "map_public_ip_on_launch": false,
            "outpost_arn": "",
            "owner_id": "000000000000",
            "private_dns_hostname_type_on_launch": "ip-name",
            "tags": {
              "Name": "VExpenses-SeuNome"
            },
            "tags_all": {
              "Name": "VExpenses-SeuNome"
            },
            "timeouts": null,
            "vpc_id": "vpc-6258b3f2"
          },
          "sensitive_attributes": [],
          "private": "eyJlMmJmYjczMC1lY2FhLTExZTYtOGY4OC0zNDM2M2JjN2M0YzAiOnsiY3JlYXRlIjo2MDAwMDAwMDAwMDAsImRlbGV0ZSI6MTIwMDAwMDAwMDAwMH0sInNjaGVtYV92ZXJzaW9uIjoiMSJ9",
          "dependencies": [
            "module.vpc.aws_vpc.main_vpc"
          ]
        }
      ]
    },
    {
      "module": "module.vpc",
      "mode": "managed",
      "type": "aws_vpc",
      "name": "main_vpc",
      "provider": "provider[\"registry.terraform.io/hashicorp/aws\"]",
      "instances": [
        {
          "schema_version": 1,
          "attributes": {
            "arn": "arn:aws:ec2:sa-east-1:000000000000:vpc/vpc-6258b3f2",
            "assign_generated_ipv6_cidr_block": false,
            "cidr_block": "10.0.0.0/16",
            "default_network_acl_id": "acl-a1ac6c08",
            "default_route_table_id": "rtb-286b4f68",
            "default_security_group_id": "sg-353f8433c1f14b571",
            "dhcp_options_id": "default",
            "enable_classiclink": false,
            "enable_classiclink_dns_support": false,
            "enable_dns_hostnames": true,
            "enable_dns_support": true,
            "id": "vpc-6258b3f2",
            "instance_tenancy": "default",
            "ipv4_ipam_pool_id": null,
            "ipv4_netmask_length": null,
            "ipv6_association_id": "",
            "ipv6_cidr_block": "",
            "ipv6_cidr_block_network_border_group": "",
            "ipv6_ipam_pool_id": "",
            "ipv6_netmask_length": 0,
            "main_route_table_id": "rtb-286b4f68",
            "owner_id": "000000000000",
            "tags": {
              "Name": "VExpenses-SeuNome"
            },
            "tags_all": {
              "Name": "VExpenses-SeuNome"
            }
          },
          "sensitive_attributes": [],
          "private": "eyJzY2hlbWFfdmVyc2lvbiI6IjEifQ=="
        }
      ]
    }
  ],
  "check_results": null
}
